lockfileVersion: '9.0'

settings:
  autoInstallPeers: true
  excludeLinksFromLockfile: false

importers:

  .:
    dependencies:
      '@ai-sdk/anthropic':
        specifier: ^3.0.74
        version: 3.0.74(zod@4.4.3)
      '@ai-sdk/openai':
        specifier: ^3.0.60
        version: 3.0.60(zod@4.4.3)
      '@types/node':
        specifier: ^25.6.0
        version: 25.6.0
      ai:
        specifier: ^6.0.175
        version: 6.0.175(zod@4.4.3)
      typescript:
        specifier: ^6.0.3
        version: 6.0.3
      zod:
        specifier: ^4.4.3
        version: 4.4.3

packages:

  '@ai-sdk/anthropic@3.0.74':
    resolution: {integrity: sha512-Xew9rfz9WWhDSyF8rNhjT/XWOWelNfJrMlmG0Ahw210hStisRpQZ1s+7VeI9JTJOZ5y5tXqBi5kfPwYnCfyRTA==}
    engines: {node: '>=18'}
    peerDependencies:
      zod: ^3.25.76 || ^4.1.8

  '@ai-sdk/gateway@3.0.110':
    resolution: {integrity: sha512-sbv8+1L9/BRKydn8dMNwoMQKupA4iLJ9N+yvxgW6wMQ/94UepDf3FeYWMj/dLdzolAHZ6izRUP4s5WqQkmJ2Zg==}
    engines: {node: '>=18'}
    peerDependencies:
      zod: ^3.25.76 || ^4.1.8

  '@ai-sdk/openai@3.0.60':
    resolution: {integrity: sha512-vZKqbDSCF1T65gDMG2ILJ2NAEpG45U2VtvEve1Fv/WRLu2i5TPUqxjlGKm+5a7Dd57Yr6CGePxrJhsQJC8LJ3A==}
    engines: {node: '>=18'}
    peerDependencies:
      zod: ^3.25.76 || ^4.1.8

  '@ai-sdk/provider-utils@4.0.26':
    resolution: {integrity: sha512-CsKNLKsOpvPujRlIYvoz+Ybw+kGn7J4/fIZa/58+R7iWLLfwn6ifE2G6Yq8K9XvH/I/3bzaDAJ3NhRwEMsLBKQ==}
    engines: {node: '>=18'}
    peerDependencies:
      zod: ^3.25.76 || ^4.1.8

  '@ai-sdk/provider@3.0.10':
    resolution: {integrity: sha512-Q3BZ27qfpYqnCYGvE3vt+Qi6LGOF9R5Nmzn+9JoM1lCRsD9mYaIhfJLkSunN48nfGXJ6n+XNV0J/XVpqGQl7Dw==}
    engines: {node: '>=18'}

  '@opentelemetry/api@1.9.0':
    resolution: {integrity: sha512-3giAOQvZiH5F9bMlMiv8+GSPMeqg0dbaeo58/0SlA9sxSqZhnUtxzX9/2FzyhS9sWQf5S0GJE0AKBrFqjpeYcg==}
    engines: {node: '>=8.0.0'}

  '@standard-schema/spec@1.1.0':
    resolution: {integrity: sha512-l2aFy5jALhniG5HgqrD6jXLi/rUWrKvqN/qJx6yoJsgKhblVd+iqqU4RCXavm/jPityDo5TCvKMnpjKnOriy0w==}

  '@types/node@25.6.0':
    resolution: {integrity: sha512-+qIYRKdNYJwY3vRCZMdJbPLJAtGjQBudzZzdzwQYkEPQd+PJGixUL5QfvCLDaULoLv+RhT3LDkwEfKaAkgSmNQ==}

  '@vercel/oidc@3.2.0':
    resolution: {integrity: sha512-UycprH3T6n3jH0k44NHMa7pnFHGu/N05MjojYr+Mc6I7obkoLIJujSWwin1pCvdy/eOxrI/l3uDLQsmcrOb4ug==}
    engines: {node: '>= 20'}

  ai@6.0.175:
    resolution: {integrity: sha512-6fFFHzbh6FIZnYc31V6osOxq25ABJYCShfG0O6ajHiA4FB/DgnPi1mP8cO5aAU3HNSbQHiMazdlh9bIsp97mVA==}
    engines: {node: '>=18'}
    peerDependencies:
      zod: ^3.25.76 || ^4.1.8

  eventsource-parser@3.0.8:
    resolution: {integrity: sha512-70QWGkr4snxr0OXLRWsFLeRBIRPuQOvt4s8QYjmUlmlkyTZkRqS7EDVRZtzU3TiyDbXSzaOeF0XUKy8PchzukQ==}
    engines: {node: '>=18.0.0'}

  json-schema@0.4.0:
    resolution: {integrity: sha512-es94M3nTIfsEPisRafak+HDLfHXnKBhV3vU5eqPcS3flIWqcxJWgXHXiey3YrpaNsanY5ei1VoYEbOzijuq9BA==}

  typescript@6.0.3:
    resolution: {integrity: sha512-y2TvuxSZPDyQakkFRPZHKFm+KKVqIisdg9/CZwm9ftvKXLP8NRWj38/ODjNbr43SsoXqNuAisEf1GdCxqWcdBw==}
    engines: {node: '>=14.17'}
    hasBin: true

  undici-types@7.19.2:
    resolution: {integrity: sha512-qYVnV5OEm2AW8cJMCpdV20CDyaN3g0AjDlOGf1OW4iaDEx8MwdtChUp4zu4H0VP3nDRF/8RKWH+IPp9uW0YGZg==}

  zod@4.4.3:
    resolution: {integrity: sha512-ytENFjIJFl2UwYglde2jchW2Hwm4GJFLDiSXWdTrJQBIN9Fcyp7n4DhxJEiWNAJMV1/BqWfW/kkg71UDcHJyTQ==}

snapshots:

  '@ai-sdk/anthropic@3.0.74(zod@4.4.3)':
    dependencies:
      '@ai-sdk/provider': 3.0.10
      '@ai-sdk/provider-utils': 4.0.26(zod@4.4.3)
      zod: 4.4.3

  '@ai-sdk/gateway@3.0.110(zod@4.4.3)':
    dependencies:
      '@ai-sdk/provider': 3.0.10
      '@ai-sdk/provider-utils': 4.0.26(zod@4.4.3)
      '@vercel/oidc': 3.2.0
      zod: 4.4.3

  '@ai-sdk/openai@3.0.60(zod@4.4.3)':
    dependencies:
      '@ai-sdk/provider': 3.0.10
      '@ai-sdk/provider-utils': 4.0.26(zod@4.4.3)
      zod: 4.4.3

  '@ai-sdk/provider-utils@4.0.26(zod@4.4.3)':
    dependencies:
      '@ai-sdk/provider': 3.0.10
      '@standard-schema/spec': 1.1.0
      eventsource-parser: 3.0.8
      zod: 4.4.3

  '@ai-sdk/provider@3.0.10':
    dependencies:
      json-schema: 0.4.0

  '@opentelemetry/api@1.9.0': {}

  '@standard-schema/spec@1.1.0': {}

  '@types/node@25.6.0':
    dependencies:
      undici-types: 7.19.2

  '@vercel/oidc@3.2.0': {}

  ai@6.0.175(zod@4.4.3):
    dependencies:
      '@ai-sdk/gateway': 3.0.110(zod@4.4.3)
      '@ai-sdk/provider': 3.0.10
      '@ai-sdk/provider-utils': 4.0.26(zod@4.4.3)
      '@opentelemetry/api': 1.9.0
      zod: 4.4.3

  eventsource-parser@3.0.8: {}

  json-schema@0.4.0: {}

  typescript@6.0.3: {}

  undici-types@7.19.2: {}

  zod@4.4.3: {}
